Microsoft Visual Studio Solution File, Format Version 12.00
# Visual Studio 2012
Project("{FAE04EC0-301F-11D3-BF4B-00C04F79EFBC}") = "Wanderer", "Wanderer.csproj", "{BBE6FC97-BFC2-458C-A7E4-36C19F6DAA3D}"
EndProject
Global
	GlobalSection(SolutionConfigurationPlatforms) = preSolution
	Debug|Any CPU = Debug|Any CPU
	ExportDebug|Any CPU = ExportDebug|Any CPU
	ExportRelease|Any CPU = ExportRelease|Any CPU
	EndGlobalSection
	GlobalSection(ProjectConfigurationPlatforms) = postSolution
		{BBE6FC97-BFC2-458C-A7E4-36C19F6DAA3D}.Debug|Any CPU.ActiveCfg = Debug|Any CPU
		{BBE6FC97-BFC2-458C-A7E4-36C19F6DAA3D}.Debug|Any CPU.Build.0 = Debug|Any CPU
		{BBE6FC97-BFC2-458C-A7E4-36C19F6DAA3D}.ExportDebug|Any CPU.ActiveCfg = ExportDebug|Any CPU
		{BBE6FC97-BFC2-458C-A7E4-36C19F6DAA3D}.ExportDebug|Any CPU.Build.0 = ExportDebug|Any CPU
		{BBE6FC97-BFC2-458C-A7E4-36C19F6DAA3D}.ExportRelease|Any CPU.ActiveCfg = ExportRelease|Any CPU
		{BBE6FC97-BFC2-458C-A7E4-36C19F6DAA3D}.ExportRelease|Any CPU.Build.0 = ExportRelease|Any CPU
	EndGlobalSection
EndGlobal
